
Microsoft Visual Studio Solution File, Format Version 12.00
# Visual Studio 15
VisualStudioVersion = 15.0.28307.572
MinimumVisualStudioVersion = 10.0.40219.1
Project("{FAE04EC0-301F-11D3-BF4B-00C04F79EFBC}") = "PkpmGX.Web", "PkpmGX\PkpmGX.Web.csproj", "{6300D360-51BE-4306-A1E3-C3BC61851834}"
EndProject
Project("{FAE04EC0-301F-11D3-BF4B-00C04F79EFBC}") = "AspNet.Identity.ServiceStack", "AspNet.Identity.ServiceStack\AspNet.Identity.ServiceStack.csproj", "{AEB0737B-2402-447B-A5BE-D0F6F3CD6389}"
EndProject
Project("{FAE04EC0-301F-11D3-BF4B-00C04F79EFBC}") = "Pkpm.Framework", "Pkpm.Framework\Pkpm.Framework.csproj", "{E9B46DB4-C7D1-4DFB-9859-F99CC7B321C5}"
EndProject
Project("{FAE04EC0-301F-11D3-BF4B-00C04F79EFBC}") = "Pkpm.Entity", "Pkpm.Entity\Pkpm.Entity.csproj", "{2F52268A-4CD0-4A90-9E4B-20B1CE24F665}"
EndProject
Project("{FAE04EC0-301F-11D3-BF4B-00C04F79EFBC}") = "Dhtmlx.Model", "Dhtmlx.Model\Dhtmlx.Model.csproj", "{B0984639-AA72-43E9-847E-7E51209C2239}"
EndProject
Project("{2150E333-8FDC-42A3-9474-1A3956D46DE8}") = "Pkpm.Client", "Pkpm.Client", "{72025B0E-32D3-4C61-898F-F65BD373AF5A}"
EndProject
Project("{FAE04EC0-301F-11D3-BF4B-00C04F79EFBC}") = "Pkpm.Core", "Pkpm.Core\Pkpm.Core.csproj", "{2A98BF8D-8C8E-4474-B568-675FC7729726}"
EndProject
Project("{2150E333-8FDC-42A3-9474-1A3956D46DE8}") = "Pkpm.Contract", "Pkpm.Contract", "{573A2C4A-6582-4A9A-9593-DDCA21898233}"
EndProject
Project("{FAE04EC0-301F-11D3-BF4B-00C04F79EFBC}") = "Pkpm.Contract.PRKReport", "Pkpm.Contract.PRKReport\Pkpm.Contract.PRKReport.csproj", "{69CBAB4F-5377-44AC-A7A8-7EBB68056AB1}"
EndProject
Project("{FAE04EC0-301F-11D3-BF4B-00C04F79EFBC}") = "Pkpm.Contract.FileTransfer", "Pkpm.Contract.FileTransfer\Pkpm.Contract.FileTransfer.csproj", "{0DD5A5DA-7C73-432F-92FD-377000861ED6}"
EndProject
Project("{FAE04EC0-301F-11D3-BF4B-00C04F79EFBC}") = "Pkpm.FileTransfer", "Pkpm.FileTransfer\Pkpm.FileTransfer.csproj", "{AA40B51C-0D18-4582-9211-B43FDEED72E2}"
EndProject
Project("{FAE04EC0-301F-11D3-BF4B-00C04F79EFBC}") = "Pkpm.PKRReport", "Pkpm.PKRReport\Pkpm.PKRReport.csproj", "{36CA4BF7-DF3B-406B-B2C4-3933F66E6365}"
EndProject
Project("{FAE04EC0-301F-11D3-BF4B-00C04F79EFBC}") = "PkpmGx.Webapi", "PkpmGx.Webapi\PkpmGx.Webapi.csproj", "{A7D4A98C-8AC4-45A5-A8B2-BFD4C39BA2D6}"
EndProject
Project("{FAE04EC0-301F-11D3-BF4B-00C04F79EFBC}") = "PkpmGx.ESIndexCreate", "PkpmGx.ESIndexCreate\PkpmGx.ESIndexCreate.csproj", "{E8B2C827-DD31-4966-BF25-BE8068FFD5FD}"
EndProject
Project("{FAE04EC0-301F-11D3-BF4B-00C04F79EFBC}") = "PkpmGx.WebService", "PkpmGx.WebService\PkpmGx.WebService.csproj", "{E30D89A5-D429-4A7F-8A40-B712E36C1EDD}"
EndProject
Global
	GlobalSection(SolutionConfigurationPlatforms) = preSolution
		Debug|Any CPU = Debug|Any CPU
		Release|Any CPU = Release|Any CPU
	EndGlobalSection
	GlobalSection(ProjectConfigurationPlatforms) = postSolution
		{6300D360-51BE-4306-A1E3-C3BC61851834}.Debug|Any CPU.ActiveCfg = Debug|Any CPU
		{6300D360-51BE-4306-A1E3-C3BC61851834}.Debug|Any CPU.Build.0 = Debug|Any CPU
		{6300D360-51BE-4306-A1E3-C3BC61851834}.Release|Any CPU.ActiveCfg = Release|Any CPU
		{6300D360-51BE-4306-A1E3-C3BC61851834}.Release|Any CPU.Build.0 = Release|Any CPU
		{AEB0737B-2402-447B-A5BE-D0F6F3CD6389}.Debug|Any CPU.ActiveCfg = Debug|Any CPU
		{AEB0737B-2402-447B-A5BE-D0F6F3CD6389}.Debug|Any CPU.Build.0 = Debug|Any CPU
		{AEB0737B-2402-447B-A5BE-D0F6F3CD6389}.Release|Any CPU.ActiveCfg = Release|Any CPU
		{AEB0737B-2402-447B-A5BE-D0F6F3CD6389}.Release|Any CPU.Build.0 = Release|Any CPU
		{E9B46DB4-C7D1-4DFB-9859-F99CC7B321C5}.Debug|Any CPU.ActiveCfg = Debug|Any CPU
		{E9B46DB4-C7D1-4DFB-9859-F99CC7B321C5}.Debug|Any CPU.Build.0 = Debug|Any CPU
		{E9B46DB4-C7D1-4DFB-9859-F99CC7B321C5}.Release|Any CPU.ActiveCfg = Release|Any CPU
		{E9B46DB4-C7D1-4DFB-9859-F99CC7B321C5}.Release|Any CPU.Build.0 = Release|Any CPU
		{2F52268A-4CD0-4A90-9E4B-20B1CE24F665}.Debug|Any CPU.ActiveCfg = Debug|Any CPU
		{2F52268A-4CD0-4A90-9E4B-20B1CE24F665}.Debug|Any CPU.Build.0 = Debug|Any CPU
		{2F52268A-4CD0-4A90-9E4B-20B1CE24F665}.Release|Any CPU.ActiveCfg = Release|Any CPU
		{2F52268A-4CD0-4A90-9E4B-20B1CE24F665}.Release|Any CPU.Build.0 = Release|Any CPU
		{B0984639-AA72-43E9-847E-7E51209C2239}.Debug|Any CPU.ActiveCfg = Debug|Any CPU
		{B0984639-AA72-43E9-847E-7E51209C2239}.Debug|Any CPU.Build.0 = Debug|Any CPU
		{B0984639-AA72-43E9-847E-7E51209C2239}.Release|Any CPU.ActiveCfg = Release|Any CPU
		{B0984639-AA72-43E9-847E-7E51209C2239}.Release|Any CPU.Build.0 = Release|Any CPU
		{2A98BF8D-8C8E-4474-B568-675FC7729726}.Debug|Any CPU.ActiveCfg = Debug|Any CPU
		{2A98BF8D-8C8E-4474-B568-675FC7729726}.Debug|Any CPU.Build.0 = Debug|Any CPU
		{2A98BF8D-8C8E-4474-B568-675FC7729726}.Release|Any CPU.ActiveCfg = Release|Any CPU
		{2A98BF8D-8C8E-4474-B568-675FC7729726}.Release|Any CPU.Build.0 = Release|Any CPU
		{69CBAB4F-5377-44AC-A7A8-7EBB68056AB1}.Debug|Any CPU.ActiveCfg = Debug|Any CPU
		{69CBAB4F-5377-44AC-A7A8-7EBB68056AB1}.Debug|Any CPU.Build.0 = Debug|Any CPU
		{69CBAB4F-5377-44AC-A7A8-7EBB68056AB1}.Release|Any CPU.ActiveCfg = Release|Any CPU
		{69CBAB4F-5377-44AC-A7A8-7EBB68056AB1}.Release|Any CPU.Build.0 = Release|Any CPU
		{0DD5A5DA-7C73-432F-92FD-377000861ED6}.Debug|Any CPU.ActiveCfg = Debug|Any CPU
		{0DD5A5DA-7C73-432F-92FD-377000861ED6}.Debug|Any CPU.Build.0 = Debug|Any CPU
		{0DD5A5DA-7C73-432F-92FD-377000861ED6}.Release|Any CPU.ActiveCfg = Release|Any CPU
		{0DD5A5DA-7C73-432F-92FD-377000861ED6}.Release|Any CPU.Build.0 = Release|Any CPU
		{AA40B51C-0D18-4582-9211-B43FDEED72E2}.Debug|Any CPU.ActiveCfg = Debug|Any CPU
		{AA40B51C-0D18-4582-9211-B43FDEED72E2}.Debug|Any CPU.Build.0 = Debug|Any CPU
		{AA40B51C-0D18-4582-9211-B43FDEED72E2}.Release|Any CPU.ActiveCfg = Release|Any CPU
		{AA40B51C-0D18-4582-9211-B43FDEED72E2}.Release|Any CPU.Build.0 = Release|Any CPU
		{36CA4BF7-DF3B-406B-B2C4-3933F66E6365}.Debug|Any CPU.ActiveCfg = Debug|Any CPU
		{36CA4BF7-DF3B-406B-B2C4-3933F66E6365}.Debug|Any CPU.Build.0 = Debug|Any CPU
		{36CA4BF7-DF3B-406B-B2C4-3933F66E6365}.Release|Any CPU.ActiveCfg = Release|Any CPU
		{36CA4BF7-DF3B-406B-B2C4-3933F66E6365}.Release|Any CPU.Build.0 = Release|Any CPU
		{A7D4A98C-8AC4-45A5-A8B2-BFD4C39BA2D6}.Debug|Any CPU.ActiveCfg = Debug|Any CPU
		{A7D4A98C-8AC4-45A5-A8B2-BFD4C39BA2D6}.Debug|Any CPU.Build.0 = Debug|Any CPU
		{A7D4A98C-8AC4-45A5-A8B2-BFD4C39BA2D6}.Release|Any CPU.ActiveCfg = Release|Any CPU
		{A7D4A98C-8AC4-45A5-A8B2-BFD4C39BA2D6}.Release|Any CPU.Build.0 = Release|Any CPU
		{E8B2C827-DD31-4966-BF25-BE8068FFD5FD}.Debug|Any CPU.ActiveCfg = Debug|Any CPU
		{E8B2C827-DD31-4966-BF25-BE8068FFD5FD}.Debug|Any CPU.Build.0 = Debug|Any CPU
		{E8B2C827-DD31-4966-BF25-BE8068FFD5FD}.Release|Any CPU.ActiveCfg = Release|Any CPU
		{E8B2C827-DD31-4966-BF25-BE8068FFD5FD}.Release|Any CPU.Build.0 = Release|Any CPU
		{E30D89A5-D429-4A7F-8A40-B712E36C1EDD}.Debug|Any CPU.ActiveCfg = Debug|Any CPU
		{E30D89A5-D429-4A7F-8A40-B712E36C1EDD}.Debug|Any CPU.Build.0 = Debug|Any CPU
		{E30D89A5-D429-4A7F-8A40-B712E36C1EDD}.Release|Any CPU.ActiveCfg = Release|Any CPU
		{E30D89A5-D429-4A7F-8A40-B712E36C1EDD}.Release|Any CPU.Build.0 = Release|Any CPU
	EndGlobalSection
	GlobalSection(SolutionProperties) = preSolution
		HideSolutionNode = FALSE
	EndGlobalSection
	GlobalSection(NestedProjects) = preSolution
		{6300D360-51BE-4306-A1E3-C3BC61851834} = {72025B0E-32D3-4C61-898F-F65BD373AF5A}
		{69CBAB4F-5377-44AC-A7A8-7EBB68056AB1} = {573A2C4A-6582-4A9A-9593-DDCA21898233}
		{0DD5A5DA-7C73-432F-92FD-377000861ED6} = {573A2C4A-6582-4A9A-9593-DDCA21898233}
		{AA40B51C-0D18-4582-9211-B43FDEED72E2} = {72025B0E-32D3-4C61-898F-F65BD373AF5A}
		{36CA4BF7-DF3B-406B-B2C4-3933F66E6365} = {72025B0E-32D3-4C61-898F-F65BD373AF5A}
		{A7D4A98C-8AC4-45A5-A8B2-BFD4C39BA2D6} = {72025B0E-32D3-4C61-898F-F65BD373AF5A}
		{E8B2C827-DD31-4966-BF25-BE8068FFD5FD} = {72025B0E-32D3-4C61-898F-F65BD373AF5A}
		{E30D89A5-D429-4A7F-8A40-B712E36C1EDD} = {72025B0E-32D3-4C61-898F-F65BD373AF5A}
	EndGlobalSection
	GlobalSection(ExtensibilityGlobals) = postSolution
		SolutionGuid = {1FF6FB25-2254-4C2D-8075-92299FA85F6D}
	EndGlobalSection
EndGlobal
